// !$*UTF8*$!
{
	archiveVersion = 1;
	classes = {
	};
	objectVersion = 46;
	objects = {

/* Begin PBXBuildFile section */
		A32A245F1BDBE1CD009E077B /* User.swift in Sources */ = {isa = PBXBuildFile; fileRef = A32A245E1BDBE1CD009E077B /* User.swift */; settings = {ASSET_TAGS = (); }; };
		A355BAA01BDCD6F900248C1C /* PersonalPage.swift in Sources */ = {isa = PBXBuildFile; fileRef = A355BA9F1BDCD6F900248C1C /* PersonalPage.swift */; settings = {ASSET_TAGS = (); }; };
		A355BADE1BDD3E3100248C1C /* TaskData.plist in Resources */ = {isa = PBXBuildFile; fileRef = A355BADD1BDD3E3100248C1C /* TaskData.plist */; settings = {ASSET_TAGS = (); }; };
		A361D0081BDA214B00C86D4D /* AppDelegate.swift in Sources */ = {isa = PBXBuildFile; fileRef = A361D0071BDA214B00C86D4D /* AppDelegate.swift */; };
		A361D00A1BDA214B00C86D4D /* ViewController.swift in Sources */ = {isa = PBXBuildFile; fileRef = A361D0091BDA214B00C86D4D /* ViewController.swift */; };
		A361D00D1BDA214B00C86D4D /* Main.storyboard in Resources */ = {isa = PBXBuildFile; fileRef = A361D00B1BDA214B00C86D4D /* Main.storyboard */; };
		A361D00F1BDA214B00C86D4D /* Assets.xcassets in Resources */ = {isa = PBXBuildFile; fileRef = A361D00E1BDA214B00C86D4D /* Assets.xcassets */; };
		A361D0121BDA214B00C86D4D /* LaunchScreen.storyboard in Resources */ = {isa = PBXBuildFile; fileRef = A361D0101BDA214B00C86D4D /* LaunchScreen.storyboard */; };
		A361D01D1BDA214B00C86D4D /* TMiOSTests.swift in Sources */ = {isa = PBXBuildFile; fileRef = A361D01C1BDA214B00C86D4D /* TMiOSTests.swift */; };
		A361D0281BDA214B00C86D4D /* TMiOSUITests.swift in Sources */ = {isa = PBXBuildFile; fileRef = A361D0271BDA214B00C86D4D /* TMiOSUITests.swift */; };
		A361D0371BDA23AB00C86D4D /* MainTaskTableViewController.swift in Sources */ = {isa = PBXBuildFile; fileRef = A361D0351BDA23AB00C86D4D /* MainTaskTableViewController.swift */; settings = {ASSET_TAGS = (); }; };
		A361D03B1BDA23E500C86D4D /* MainTaskTableViewCell.swift in Sources */ = {isa = PBXBuildFile; fileRef = A361D0391BDA23E500C86D4D /* MainTaskTableViewCell.swift */; settings = {ASSET_TAGS = (); }; };
		A361D03F1BDA343000C86D4D /* Person.swift in Sources */ = {isa = PBXBuildFile; fileRef = A361D03E1BDA343000C86D4D /* Person.swift */; settings = {ASSET_TAGS = (); }; };
		A361D0411BDA36AD00C86D4D /* Task.swift in Sources */ = {isa = PBXBuildFile; fileRef = A361D0401BDA36AD00C86D4D /* Task.swift */; settings = {ASSET_TAGS = (); }; };
		A361D0431BDBB3FC00C86D4D /* Mission.swift in Sources */ = {isa = PBXBuildFile; fileRef = A361D0421BDBB3FC00C86D4D /* Mission.swift */; settings = {ASSET_TAGS = (); }; };
/* End PBXBuildFile section */

/* Begin PBXContainerItemProxy section */
		A361D0191BDA214B00C86D4D /* PBXContainerItemProxy */ = {
			isa = PBXContainerItemProxy;
			containerPortal = A361CFFC1BDA214B00C86D4D /* Project object */;
			proxyType = 1;
			remoteGlobalIDString = A361D0031BDA214B00C86D4D;
			remoteInfo = TMiOS;
		};
		A361D0241BDA214B00C86D4D /* PBXContainerItemProxy */ = {
			isa = PBXContainerItemProxy;
			containerPortal = A361CFFC1BDA214B00C86D4D /* Project object */;
			proxyType = 1;
			remoteGlobalIDString = A361D0031BDA214B00C86D4D;
			remoteInfo = TMiOS;
		};
/* End PBXContainerItemProxy section */

/* Begin PBXFileReference section */
		A32A245E1BDBE1CD009E077B /* User.swift */ = {isa = PBXFileReference; fileEncoding = 4; lastKnownFileType = sourcecode.swift; path = User.swift; sourceTree = "<group>"; };
		A355BA9F1BDCD6F900248C1C /* PersonalPage.swift */ = {isa = PBXFileReference; fileEncoding = 4; lastKnownFileType = sourcecode.swift; path = PersonalPage.swift; sourceTree = "<group>"; };
		A355BADD1BDD3E3100248C1C /* TaskData.plist */ = {isa = PBXFileReference; fileEncoding = 4; lastKnownFileType = text.plist.xml; path = TaskData.plist; sourceTree = "<group>"; };
		A361D0041BDA214B00C86D4D /* TMiOS.app */ = {isa = PBXFileReference; explicitFileType = wrapper.application; includeInIndex = 0; path = TMiOS.app; sourceTree = BUILT_PRODUCTS_DIR; };
		A361D0071BDA214B00C86D4D /* AppDelegate.swift */ = {isa = PBXFileReference; lastKnownFileType = sourcecode.swift; path = AppDelegate.swift; sourceTree = "<group>"; };
		A361D0091BDA214B00C86D4D /* ViewController.swift */ = {isa = PBXFileReference; lastKnownFileType = sourcecode.swift; path = ViewController.swift; sourceTree = "<group>"; };
		A361D00C1BDA214B00C86D4D /* Base */ = {isa = PBXFileReference; lastKnownFileType = file.storyboard; name = Base; path = Base.lproj/Main.storyboard; sourceTree = "<group>"; };
		A361D00E1BDA214B00C86D4D /* Assets.xcassets */ = {isa = PBXFileReference; lastKnownFileType = folder.assetcatalog; path = Assets.xcassets; sourceTree = "<group>"; };
		A361D0111BDA214B00C86D4D /* Base */ = {isa = PBXFileReference; lastKnownFileType = file.storyboard; name = Base; path = Base.lproj/LaunchScreen.storyboard; sourceTree = "<group>"; };
		A361D0131BDA214B00C86D4D /* Info.plist */ = {isa = PBXFileReference; lastKnownFileType = text.plist.xml; path = Info.plist; sourceTree = "<group>"; };
		A361D0181BDA214B00C86D4D /* TMiOSTests.xctest */ = {isa = PBXFileReference; explicitFileType = wrapper.cfbundle; includeInIndex = 0; path = TMiOSTests.xctest; sourceTree = BUILT_PRODUCTS_DIR; };
		A361D01C1BDA214B00C86D4D /* TMiOSTests.swift */ = {isa = PBXFileReference; lastKnownFileType = sourcecode.swift; path = TMiOSTests.swift; sourceTree = "<group>"; };
		A361D01E1BDA214B00C86D4D /* Info.plist */ = {isa = PBXFileReference; lastKnownFileType = text.plist.xml; path = Info.plist; sourceTree = "<group>"; };
		A361D0231BDA214B00C86D4D /* TMiOSUITests.xctest */ = {isa = PBXFileReference; explicitFileType = wrapper.cfbundle; includeInIndex = 0; path = TMiOSUITests.xctest; sourceTree = BUILT_PRODUCTS_DIR; };
		A361D0271BDA214B00C86D4D /* TMiOSUITests.swift */ = {isa = PBXFileReference; lastKnownFileType = sourcecode.swift; path = TMiOSUITests.swift; sourceTree = "<group>"; };
		A361D0291BDA214B00C86D4D /* Info.plist */ = {isa = PBXFileReference; lastKnownFileType = text.plist.xml; path = Info.plist; sourceTree = "<group>"; };
		A361D0351BDA23AB00C86D4D /* MainTaskTableViewController.swift */ = {isa = PBXFileReference; fileEncoding = 4; lastKnownFileType = sourcecode.swift; path = MainTaskTableViewController.swift; sourceTree = "<group>"; };
		A361D0391BDA23E500C86D4D /* MainTaskTableViewCell.swift */ = {isa = PBXFileReference; fileEncoding = 4; lastKnownFileType = sourcecode.swift; path = MainTaskTableViewCell.swift; sourceTree = "<group>"; };
		A361D03E1BDA343000C86D4D /* Person.swift */ = {isa = PBXFileReference; fileEncoding = 4; lastKnownFileType = sourcecode.swift; path = Person.swift; sourceTree = "<group>"; };
		A361D0401BDA36AD00C86D4D /* Task.swift */ = {isa = PBXFileReference; fileEncoding = 4; lastKnownFileType = sourcecode.swift; path = Task.swift; sourceTree = "<group>"; };
		A361D0421BDBB3FC00C86D4D /* Mission.swift */ = {isa = PBXFileReference; fileEncoding = 4; lastKnownFileType = sourcecode.swift; path = Mission.swift; sourceTree = "<group>"; };
/* End PBXFileReference section */

/* Begin PBXFrameworksBuildPhase section */
		A361D0011BDA214B00C86D4D /* Frameworks */ = {
			isa = PBXFrameworksBuildPhase;
			buildActionMask = 2147483647;
			files = (
			);
			runOnlyForDeploymentPostprocessing = 0;
		};
		A361D0151BDA214B00C86D4D /* Frameworks */ = {
			isa = PBXFrameworksBuildPhase;
			buildActionMask = 2147483647;
			files = (
			);
			runOnlyForDeploymentPostprocessing = 0;
		};
		A361D0201BDA214B00C86D4D /* Frameworks */ = {
			isa = PBXFrameworksBuildPhase;
			buildActionMask = 2147483647;
			files = (
			);
			runOnlyForDeploymentPostprocessing = 0;
		};
/* End PBXFrameworksBuildPhase section */

/* Begin PBXGroup section */
		A361CFFB1BDA214B00C86D4D = {
			isa = PBXGroup;
			children = (
				A361D0061BDA214B00C86D4D /* TMiOS */,
				A361D01B1BDA214B00C86D4D /* TMiOSTests */,
				A361D0261BDA214B00C86D4D /* TMiOSUITests */,
				A361D0051BDA214B00C86D4D /* Products */,
			);
			sourceTree = "<group>";
		};
		A361D0051BDA214B00C86D4D /* Products */ = {
			isa = PBXGroup;
			children = (
				A361D0041BDA214B00C86D4D /* TMiOS.app */,
				A361D0181BDA214B00C86D4D /* TMiOSTests.xctest */,
				A361D0231BDA214B00C86D4D /* TMiOSUITests.xctest */,
			);
			name = Products;
			sourceTree = "<group>";
		};
		A361D0061BDA214B00C86D4D /* TMiOS */ = {
			isa = PBXGroup;
			children = (
				A361D0071BDA214B00C86D4D /* AppDelegate.swift */,
				A361D03D1BDA334300C86D4D /* Task */,
				A361D0091BDA214B00C86D4D /* ViewController.swift */,
				A361D0351BDA23AB00C86D4D /* MainTaskTableViewController.swift */,
				A361D0391BDA23E500C86D4D /* MainTaskTableViewCell.swift */,
				A355BA9F1BDCD6F900248C1C /* PersonalPage.swift */,
				A361D00B1BDA214B00C86D4D /* Main.storyboard */,
				A361D00E1BDA214B00C86D4D /* Assets.xcassets */,
				A361D0101BDA214B00C86D4D /* LaunchScreen.storyboard */,
				A361D0131BDA214B00C86D4D /* Info.plist */,
				A355BADD1BDD3E3100248C1C /* TaskData.plist */,
			);
			path = TMiOS;
			sourceTree = "<group>";
		};
		A361D01B1BDA214B00C86D4D /* TMiOSTests */ = {
			isa = PBXGroup;
			children = (
				A361D01C1BDA214B00C86D4D /* TMiOSTests.swift */,
				A361D01E1BDA214B00C86D4D /* Info.plist */,
			);
			path = TMiOSTests;
			sourceTree = "<group>";
		};
		A361D0261BDA214B00C86D4D /* TMiOSUITests */ = {
			isa = PBXGroup;
			children = (
				A361D0271BDA214B00C86D4D /* TMiOSUITests.swift */,
				A361D0291BDA214B00C86D4D /* Info.plist */,
			);
			path = TMiOSUITests;
			sourceTree = "<group>";
		};
		A361D03D1BDA334300C86D4D /* Task */ = {
			isa = PBXGroup;
			children = (
				A361D03E1BDA343000C86D4D /* Person.swift */,
				A361D0401BDA36AD00C86D4D /* Task.swift */,
				A361D0421BDBB3FC00C86D4D /* Mission.swift */,
				A32A245E1BDBE1CD009E077B /* User.swift */,
			);
			name = Task;
			sourceTree = "<group>";
		};
/* End PBXGroup section */

/* Begin PBXNativeTarget section */
		A361D0031BDA214B00C86D4D /* TMiOS */ = {
			isa = PBXNativeTarget;
			buildConfigurationList = A361D02C1BDA214B00C86D4D /* Build configuration list for PBXNativeTarget "TMiOS" */;
			buildPhases = (
				A361D0001BDA214B00C86D4D /* Sources */,
				A361D0011BDA214B00C86D4D /* Frameworks */,
				A361D0021BDA214B00C86D4D /* Resources */,
			);
			buildRules = (
			);
			dependencies = (
			);
			name = TMiOS;
			productName = TMiOS;
			productReference = A361D0041BDA214B00C86D4D /* TMiOS.app */;
			productType = "com.apple.product-type.application";
		};
		A361D0171BDA214B00C86D4D /* TMiOSTests */ = {
			isa = PBXNativeTarget;
			buildConfigurationList = A361D02F1BDA214B00C86D4D /* Build configuration list for PBXNativeTarget "TMiOSTests" */;
			buildPhases = (
				A361D0141BDA214B00C86D4D /* Sources */,
				A361D0151BDA214B00C86D4D /* Frameworks */,
				A361D0161BDA214B00C86D4D /* Resources */,
			);
			buildRules = (
			);
			dependencies = (
				A361D01A1BDA214B00C86D4D /* PBXTargetDependency */,
			);
			name = TMiOSTests;
			productName = TMiOSTests;
			productReference = A361D0181BDA214B00C86D4D /* TMiOSTests.xctest */;
			productType = "com.apple.product-type.bundle.unit-test";
		};
		A361D0221BDA214B00C86D4D /* TMiOSUITests */ = {
			isa = PBXNativeTarget;
			buildConfigurationList = A361D0321BDA214B00C86D4D /* Build configuration list for PBXNativeTarget "TMiOSUITests" */;
			buildPhases = (
				A361D01F1BDA214B00C86D4D /* Sources */,
				A361D0201BDA214B00C86D4D /* Frameworks */,
				A361D0211BDA214B00C86D4D /* Resources */,
			);
			buildRules = (
			);
			dependencies = (
				A361D0251BDA214B00C86D4D /* PBXTargetDependency */,
			);
			name = TMiOSUITests;
			productName = TMiOSUITests;
			productReference = A361D0231BDA214B00C86D4D /* TMiOSUITests.xctest */;
			productType = "com.apple.product-type.bundle.ui-testing";
		};
/* End PBXNativeTarget section */

/* Begin PBXProject section */
		A361CFFC1BDA214B00C86D4D /* Project object */ = {
			isa = PBXProject;
			attributes = {
				LastUpgradeCheck = 0700;
				ORGANIZATIONNAME = Tidyzq;
				TargetAttributes = {
					A361D0031BDA214B00C86D4D = {
						CreatedOnToolsVersion = 7.0.1;
						DevelopmentTeam = VK3Z735PWN;
					};
					A361D0171BDA214B00C86D4D = {
						CreatedOnToolsVersion = 7.0.1;
						DevelopmentTeam = VK3Z735PWN;
						TestTargetID = A361D0031BDA214B00C86D4D;
					};
					A361D0221BDA214B00C86D4D = {
						CreatedOnToolsVersion = 7.0.1;
						DevelopmentTeam = VK3Z735PWN;
						TestTargetID = A361D0031BDA214B00C86D4D;
					};
				};
			};
			buildConfigurationList = A361CFFF1BDA214B00C86D4D /* Build configuration list for PBXProject "TMiOS" */;
			compatibilityVersion = "Xcode 3.2";
			developmentRegion = English;
			hasScannedForEncodings = 0;
			knownRegions = (
				en,
				Base,
			);
			mainGroup = A361CFFB1BDA214B00C86D4D;
			productRefGroup = A361D0051BDA214B00C86D4D /* Products */;
			projectDirPath = "";
			projectRoot = "";
			targets = (
				A361D0031BDA214B00C86D4D /* TMiOS */,
				A361D0171BDA214B00C86D4D /* TMiOSTests */,
				A361D0221BDA214B00C86D4D /* TMiOSUITests */,
			);
		};
/* End PBXProject section */

/* Begin PBXResourcesBuildPhase section */
		A361D0021BDA214B00C86D4D /* Resources */ = {
			isa = PBXResourcesBuildPhase;
			buildActionMask = 2147483647;
			files = (
				A361D0121BDA214B00C86D4D /* LaunchScreen.storyboard in Resources */,
				A361D00F1BDA214B00C86D4D /* Assets.xcassets in Resources */,
				A361D00D1BDA214B00C86D4D /* Main.storyboard in Resources */,
				A355BADE1BDD3E3100248C1C /* TaskData.plist in Resources */,
			);
			runOnlyForDeploymentPostprocessing = 0;
		};
		A361D0161BDA214B00C86D4D /* Resources */ = {
			isa = PBXResourcesBuildPhase;
			buildActionMask = 2147483647;
			files = (
			);
			runOnlyForDeploymentPostprocessing = 0;
		};
		A361D0211BDA214B00C86D4D /* Resources */ = {
			isa = PBXResourcesBuildPhase;
			buildActionMask = 2147483647;
			files = (
			);
			runOnlyForDeploymentPostprocessing = 0;
		};
/* End PBXResourcesBuildPhase section */

/* Begin PBXSourcesBuildPhase section */
		A361D0001BDA214B00C86D4D /* Sources */ = {
			isa = PBXSourcesBuildPhase;
			buildActionMask = 2147483647;
			files = (
				A355BAA01BDCD6F900248C1C /* PersonalPage.swift in Sources */,
				A361D03F1BDA343000C86D4D /* Person.swift in Sources */,
				A361D00A1BDA214B00C86D4D /* ViewController.swift in Sources */,
				A361D03B1BDA23E500C86D4D /* MainTaskTableViewCell.swift in Sources */,
				A361D0081BDA214B00C86D4D /* AppDelegate.swift in Sources */,
				A32A245F1BDBE1CD009E077B /* User.swift in Sources */,
				A361D0411BDA36AD00C86D4D /* Task.swift in Sources */,
				A361D0431BDBB3FC00C86D4D /* Mission.swift in Sources */,
				A361D0371BDA23AB00C86D4D /* MainTaskTableViewController.swift in Sources */,
			);
			runOnlyForDeploymentPostprocessing = 0;
		};
		A361D0141BDA214B00C86D4D /* Sources */ = {
			isa = PBXSourcesBuildPhase;
			buildActionMask = 2147483647;
			files = (
				A361D01D1BDA214B00C86D4D /* TMiOSTests.swift in Sources */,
			);
			runOnlyForDeploymentPostprocessing = 0;
		};
		A361D01F1BDA214B00C86D4D /* Sources */ = {
			isa = PBXSourcesBuildPhase;
			buildActionMask = 2147483647;
			files = (
				A361D0281BDA214B00C86D4D /* TMiOSUITests.swift in Sources */,
			);
			runOnlyForDeploymentPostprocessing = 0;
		};
/* End PBXSourcesBuildPhase section */

/* Begin PBXTargetDependency section */
		A361D01A1BDA214B00C86D4D /* PBXTargetDependency */ = {
			isa = PBXTargetDependency;
			target = A361D0031BDA214B00C86D4D /* TMiOS */;
			targetProxy = A361D0191BDA214B00C86D4D /* PBXContainerItemProxy */;
		};
		A361D0251BDA214B00C86D4D /* PBXTargetDependency */ = {
			isa = PBXTargetDependency;
			target = A361D0031BDA214B00C86D4D /* TMiOS */;
			targetProxy = A361D0241BDA214B00C86D4D /* PBXContainerItemProxy */;
		};
/* End PBXTargetDependency section */

/* Begin PBXVariantGroup section */
		A361D00B1BDA214B00C86D4D /* Main.storyboard */ = {
			isa = PBXVariantGroup;
			children = (
				A361D00C1BDA214B00C86D4D /* Base */,
			);
			name = Main.storyboard;
			sourceTree = "<group>";
		};
		A361D0101BDA214B00C86D4D /* LaunchScreen.storyboard */ = {
			isa = PBXVariantGroup;
			children = (
				A361D0111BDA214B00C86D4D /* Base */,
			);
			name = LaunchScreen.storyboard;
			sourceTree = "<group>";
		};
/* End PBXVariantGroup section */

/* Begin XCBuildConfiguration section */
		A361D02A1BDA214B00C86D4D /* Debug */ = {
			isa = XCBuildConfiguration;
			buildSettings = {
				ALWAYS_SEARCH_USER_PATHS = NO;
				CLANG_CXX_LANGUAGE_STANDARD = "gnu++0x";
				CLANG_CXX_LIBRARY = "libc++";
				CLANG_ENABLE_MODULES = YES;
				CLANG_ENABLE_OBJC_ARC = YES;
				CLANG_WARN_BOOL_CONVERSION = YES;
				CLANG_WARN_CONSTANT_CONVERSION = YES;
				CLANG_WARN_DIRECT_OBJC_ISA_USAGE = YES_ERROR;
				CLANG_WARN_EMPTY_BODY = YES;
				CLANG_WARN_ENUM_CONVERSION = YES;
				CLANG_WARN_INT_CONVERSION = YES;
				CLANG_WARN_OBJC_ROOT_CLASS = YES_ERROR;
				CLANG_WARN_UNREACHABLE_CODE = YES;
				CLANG_WARN__DUPLICATE_METHOD_MATCH = YES;
				"CODE_SIGN_IDENTITY[sdk=iphoneos*]" = "iPhone Developer";
				COPY_PHASE_STRIP = NO;
				DEBUG_INFORMATION_FORMAT = dwarf;
				ENABLE_STRICT_OBJC_MSGSEND = YES;
				ENABLE_TESTABILITY = YES;
				GCC_C_LANGUAGE_STANDARD = gnu99;
				GCC_DYNAMIC_NO_PIC = NO;
				GCC_NO_COMMON_BLOCKS = YES;
				GCC_OPTIMIZATION_LEVEL = 0;
				GCC_PREPROCESSOR_DEFINITIONS = (
					"DEBUG=1",
					"$(inherited)",
				);
				GCC_WARN_64_TO_32_BIT_CONVERSION = YES;
				GCC_WARN_ABOUT_RETURN_TYPE = YES_ERROR;
				GCC_WARN_UNDECLARED_SELECTOR = YES;
				GCC_WARN_UNINITIALIZED_AUTOS = YES_AGGRESSIVE;
				GCC_WARN_UNUSED_FUNCTION = YES;
				GCC_WARN_UNUSED_VARIABLE = YES;
				IPHONEOS_DEPLOYMENT_TARGET = 9.0;
				MTL_ENABLE_DEBUG_INFO = YES;
				ONLY_ACTIVE_ARCH = YES;
				SDKROOT = iphoneos;
				SWIFT_OPTIMIZATION_LEVEL = "-Onone";
				TARGETED_DEVICE_FAMILY = "1,2";
			};
			name = Debug;
		};
		A361D02B1BDA214B00C86D4D /* Release */ = {
			isa = XCBuildConfiguration;
			buildSettings = {
				ALWAYS_SEARCH_USER_PATHS = NO;
				CLANG_CXX_LANGUAGE_STANDARD = "gnu++0x";
				CLANG_CXX_LIBRARY = "libc++";
				CLANG_ENABLE_MODULES = YES;
				CLANG_ENABLE_OBJC_ARC = YES;
				CLANG_WARN_BOOL_CONVERSION = YES;
				CLANG_WARN_CONSTANT_CONVERSION = YES;
				CLANG_WARN_DIRECT_OBJC_ISA_USAGE = YES_ERROR;
				CLANG_WARN_EMPTY_BODY = YES;
				CLANG_WARN_ENUM_CONVERSION = YES;
				CLANG_WARN_INT_CONVERSION = YES;
				CLANG_WARN_OBJC_ROOT_CLASS = YES_ERROR;
				CLANG_WARN_UNREACHABLE_CODE = YES;
				CLANG_WARN__DUPLICATE_METHOD_MATCH = YES;
				"CODE_SIGN_IDENTITY[sdk=iphoneos*]" = "iPhone Developer";
				COPY_PHASE_STRIP = NO;
				DEBUG_INFORMATION_FORMAT = "dwarf-with-dsym";
				ENABLE_NS_ASSERTIONS = NO;
				ENABLE_STRICT_OBJC_MSGSEND = YES;
				GCC_C_LANGUAGE_STANDARD = gnu99;
				GCC_NO_COMMON_BLOCKS = YES;
				GCC_WARN_64_TO_32_BIT_CONVERSION = YES;
				GCC_WARN_ABOUT_RETURN_TYPE = YES_ERROR;
				GCC_WARN_UNDECLARED_SELECTOR = YES;
				GCC_WARN_UNINITIALIZED_AUTOS = YES_AGGRESSIVE;
				GCC_WARN_UNUSED_FUNCTION = YES;
				GCC_WARN_UNUSED_VARIABLE = YES;
				IPHONEOS_DEPLOYMENT_TARGET = 9.0;
				MTL_ENABLE_DEBUG_INFO = NO;
				SDKROOT = iphoneos;
				TARGETED_DEVICE_FAMILY = "1,2";
				VALIDATE_PRODUCT = YES;
			};
			name = Release;
		};
		A361D02D1BDA214B00C86D4D /* Debug */ = {
			isa = XCBuildConfiguration;
			buildSettings = {
				ASSETCATALOG_COMPILER_APPICON_NAME = AppIcon;
				INFOPLIST_FILE = TMiOS/Info.plist;
				LD_RUNPATH_SEARCH_PATHS = "$(inherited) @executable_path/Frameworks";
				PRODUCT_BUNDLE_IDENTIFIER = Tidyzq.TMiOS;
				PRODUCT_NAME = "$(TARGET_NAME)";
			};
			name = Debug;
		};
		A361D02E1BDA214B00C86D4D /* Release */ = {
			isa = XCBuildConfiguration;
			buildSettings = {
				ASSETCATALOG_COMPILER_APPICON_NAME = AppIcon;
				INFOPLIST_FILE = TMiOS/Info.plist;
				LD_RUNPATH_SEARCH_PATHS = "$(inherited) @executable_path/Frameworks";
				PRODUCT_BUNDLE_IDENTIFIER = Tidyzq.TMiOS;
				PRODUCT_NAME = "$(TARGET_NAME)";
			};
			name = Release;
		};
		A361D0301BDA214B00C86D4D /* Debug */ = {
			isa = XCBuildConfiguration;
			buildSettings = {
				BUNDLE_LOADER = "$(TEST_HOST)";
				INFOPLIST_FILE = TMiOSTests/Info.plist;
				LD_RUNPATH_SEARCH_PATHS = "$(inherited) @executable_path/Frameworks @loader_path/Frameworks";
				PRODUCT_BUNDLE_IDENTIFIER = Tidyzq.TMiOSTests;
				PRODUCT_NAME = "$(TARGET_NAME)";
				TEST_HOST = "$(BUILT_PRODUCTS_DIR)/TMiOS.app/TMiOS";
			};
			name = Debug;
		};
		A361D0311BDA214B00C86D4D /* Release */ = {
			isa = XCBuildConfiguration;
			buildSettings = {
				BUNDLE_LOADER = "$(TEST_HOST)";
				INFOPLIST_FILE = TMiOSTests/Info.plist;
				LD_RUNPATH_SEARCH_PATHS = "$(inherited) @executable_path/Frameworks @loader_path/Frameworks";
				PRODUCT_BUNDLE_IDENTIFIER = Tidyzq.TMiOSTests;
				PRODUCT_NAME = "$(TARGET_NAME)";
				TEST_HOST = "$(BUILT_PRODUCTS_DIR)/TMiOS.app/TMiOS";
			};
			name = Release;
		};
		A361D0331BDA214B00C86D4D /* Debug */ = {
			isa = XCBuildConfiguration;
			buildSettings = {
				INFOPLIST_FILE = TMiOSUITests/Info.plist;
				LD_RUNPATH_SEARCH_PATHS = "$(inherited) @executable_path/Frameworks @loader_path/Frameworks";
				PRODUCT_BUNDLE_IDENTIFIER = Tidyzq.TMiOSUITests;
				PRODUCT_NAME = "$(TARGET_NAME)";
				TEST_TARGET_NAME = TMiOS;
				USES_XCTRUNNER = YES;
			};
			name = Debug;
		};
		A361D0341BDA214B00C86D4D /* Release */ = {
			isa = XCBuildConfiguration;
			buildSettings = {
				INFOPLIST_FILE = TMiOSUITests/Info.plist;
				LD_RUNPATH_SEARCH_PATHS = "$(inherited) @executable_path/Frameworks @loader_path/Frameworks";
				PRODUCT_BUNDLE_IDENTIFIER = Tidyzq.TMiOSUITests;
				PRODUCT_NAME = "$(TARGET_NAME)";
				TEST_TARGET_NAME = TMiOS;
				USES_XCTRUNNER = YES;
			};
			name = Release;
		};
/* End XCBuildConfiguration section */

/* Begin XCConfigurationList section */
		A361CFFF1BDA214B00C86D4D /* Build configuration list for PBXProject "TMiOS" */ = {
			isa = XCConfigurationList;
			buildConfigurations = (
				A361D02A1BDA214B00C86D4D /* Debug */,
				A361D02B1BDA214B00C86D4D /* Release */,
			);
			defaultConfigurationIsVisible = 0;
			defaultConfigurationName = Release;
		};
		A361D02C1BDA214B00C86D4D /* Build configuration list for PBXNativeTarget "TMiOS" */ = {
			isa = XCConfigurationList;
			buildConfigurations = (
				A361D02D1BDA214B00C86D4D /* Debug */,
				A361D02E1BDA214B00C86D4D /* Release */,
			);
			defaultConfigurationIsVisible = 0;
			defaultConfigurationName = Release;
		};
		A361D02F1BDA214B00C86D4D /* Build configuration list for PBXNativeTarget "TMiOSTests" */ = {
			isa = XCConfigurationList;
			buildConfigurations = (
				A361D0301BDA214B00C86D4D /* Debug */,
				A361D0311BDA214B00C86D4D /* Release */,
			);
			defaultConfigurationIsVisible = 0;
			defaultConfigurationName = Release;
		};
		A361D0321BDA214B00C86D4D /* Build configuration list for PBXNativeTarget "TMiOSUITests" */ = {
			isa = XCConfigurationList;
			buildConfigurations = (
				A361D0331BDA214B00C86D4D /* Debug */,
				A361D0341BDA214B00C86D4D /* Release */,
			);
			defaultConfigurationIsVisible = 0;
			defaultConfigurationName = Release;
		};
/* End XCConfigurationList section */
	};
	rootObject = A361CFFC1BDA214B00C86D4D /* Project object */;
}
